
Microsoft Visual Studio Solution File, Format Version 12.00
# Visual Studio 2013
VisualStudioVersion = 12.0.21005.1
MinimumVisualStudioVersion = 10.0.40219.1
Project("{FAE04EC0-301F-11D3-BF4B-00C04F79EFBC}") = "barchart", "chart\barchart\barchart.csproj", "{6C8C1175-EAF5-40CF-A614-D9FC4938C421}"
EndProject
Project("{FAE04EC0-301F-11D3-BF4B-00C04F79EFBC}") = "bubblechart", "chart\bubblechart\bubblechart.csproj", "{FCABF710-A587-487D-B93F-C966057A8A20}"
EndProject
Project("{FAE04EC0-301F-11D3-BF4B-00C04F79EFBC}") = "linechart", "chart\linechart\linechart.csproj", "{52D2F0FF-9016-4A5E-A30F-93D35D5A91B9}"
EndProject
Project("{FAE04EC0-301F-11D3-BF4B-00C04F79EFBC}") = "piechart", "chart\piechart\piechart.csproj", "{39F53FDF-6CAB-4A05-BAF5-E174691B10A0}"
EndProject
Project("{FAE04EC0-301F-11D3-BF4B-00C04F79EFBC}") = "gridview1", "gridview1\gridview1.csproj", "{11B091F9-7562-45BF-9E01-D71E111522FF}"
EndProject
Project("{FAE04EC0-301F-11D3-BF4B-00C04F79EFBC}") = "gridview2", "gridview2\gridview2.csproj", "{E4FE76BF-4361-43F9-B06A-8B215059B4FE}"
EndProject
Project("{FAE04EC0-301F-11D3-BF4B-00C04F79EFBC}") = "barcode", "barcode\barcode.csproj", "{2EFB7702-1E81-4294-808D-CEDCA0E22C28}"
EndProject
Project("{FAE04EC0-301F-11D3-BF4B-00C04F79EFBC}") = "camera", "camera\camera.csproj", "{592B8CA4-0036-4A29-A9AD-F00F828BCA5C}"
EndProject
Project("{FAE04EC0-301F-11D3-BF4B-00C04F79EFBC}") = "phone", "phone\phone.csproj", "{C2BCC9AE-E335-450E-B044-3ECF28B08BB3}"
EndProject
Project("{FAE04EC0-301F-11D3-BF4B-00C04F79EFBC}") = "signature", "signature\signature.csproj", "{C5AEA9CB-82CA-48FD-9A92-B208EFCCB7D7}"
EndProject
Project("{FAE04EC0-301F-11D3-BF4B-00C04F79EFBC}") = "voicerecorder", "voicerecorder\voicerecorder.csproj", "{EA3FA198-95EA-4745-B1FB-4A53C84A9F66}"
EndProject
Project("{FAE04EC0-301F-11D3-BF4B-00C04F79EFBC}") = "GPS", "GPS\SmobilerApplication79\GPS.csproj", "{541D5B7F-3735-40C8-A9D1-1967CDF3A7EA}"
EndProject
Project("{FAE04EC0-301F-11D3-BF4B-00C04F79EFBC}") = "SmobilerPushDemo", "PushDemo\SmobilerPushDemo.csproj", "{8EAC90C9-250E-4B79-A366-CE32E3A10EE2}"
EndProject
Global
	GlobalSection(SolutionConfigurationPlatforms) = preSolution
		Debug|Any CPU = Debug|Any CPU
		Release|Any CPU = Release|Any CPU
	EndGlobalSection
	GlobalSection(ProjectConfigurationPlatforms) = postSolution
		{6C8C1175-EAF5-40CF-A614-D9FC4938C421}.Debug|Any CPU.ActiveCfg = Debug|Any CPU
		{6C8C1175-EAF5-40CF-A614-D9FC4938C421}.Debug|Any CPU.Build.0 = Debug|Any CPU
		{6C8C1175-EAF5-40CF-A614-D9FC4938C421}.Release|Any CPU.ActiveCfg = Release|Any CPU
		{6C8C1175-EAF5-40CF-A614-D9FC4938C421}.Release|Any CPU.Build.0 = Release|Any CPU
		{FCABF710-A587-487D-B93F-C966057A8A20}.Debug|Any CPU.ActiveCfg = Debug|Any CPU
		{FCABF710-A587-487D-B93F-C966057A8A20}.Debug|Any CPU.Build.0 = Debug|Any CPU
		{FCABF710-A587-487D-B93F-C966057A8A20}.Release|Any CPU.ActiveCfg = Release|Any CPU
		{FCABF710-A587-487D-B93F-C966057A8A20}.Release|Any CPU.Build.0 = Release|Any CPU
		{52D2F0FF-9016-4A5E-A30F-93D35D5A91B9}.Debug|Any CPU.ActiveCfg = Debug|Any CPU
		{52D2F0FF-9016-4A5E-A30F-93D35D5A91B9}.Debug|Any CPU.Build.0 = Debug|Any CPU
		{52D2F0FF-9016-4A5E-A30F-93D35D5A91B9}.Release|Any CPU.ActiveCfg = Release|Any CPU
		{52D2F0FF-9016-4A5E-A30F-93D35D5A91B9}.Release|Any CPU.Build.0 = Release|Any CPU
		{39F53FDF-6CAB-4A05-BAF5-E174691B10A0}.Debug|Any CPU.ActiveCfg = Debug|Any CPU
		{39F53FDF-6CAB-4A05-BAF5-E174691B10A0}.Debug|Any CPU.Build.0 = Debug|Any CPU
		{39F53FDF-6CAB-4A05-BAF5-E174691B10A0}.Release|Any CPU.ActiveCfg = Release|Any CPU
		{39F53FDF-6CAB-4A05-BAF5-E174691B10A0}.Release|Any CPU.Build.0 = Release|Any CPU
		{11B091F9-7562-45BF-9E01-D71E111522FF}.Debug|Any CPU.ActiveCfg = Debug|Any CPU
		{11B091F9-7562-45BF-9E01-D71E111522FF}.Debug|Any CPU.Build.0 = Debug|Any CPU
		{11B091F9-7562-45BF-9E01-D71E111522FF}.Release|Any CPU.ActiveCfg = Release|Any CPU
		{11B091F9-7562-45BF-9E01-D71E111522FF}.Release|Any CPU.Build.0 = Release|Any CPU
		{E4FE76BF-4361-43F9-B06A-8B215059B4FE}.Debug|Any CPU.ActiveCfg = Debug|Any CPU
		{E4FE76BF-4361-43F9-B06A-8B215059B4FE}.Debug|Any CPU.Build.0 = Debug|Any CPU
		{E4FE76BF-4361-43F9-B06A-8B215059B4FE}.Release|Any CPU.ActiveCfg = Release|Any CPU
		{E4FE76BF-4361-43F9-B06A-8B215059B4FE}.Release|Any CPU.Build.0 = Release|Any CPU
		{2EFB7702-1E81-4294-808D-CEDCA0E22C28}.Debug|Any CPU.ActiveCfg = Debug|Any CPU
		{2EFB7702-1E81-4294-808D-CEDCA0E22C28}.Debug|Any CPU.Build.0 = Debug|Any CPU
		{2EFB7702-1E81-4294-808D-CEDCA0E22C28}.Release|Any CPU.ActiveCfg = Release|Any CPU
		{2EFB7702-1E81-4294-808D-CEDCA0E22C28}.Release|Any CPU.Build.0 = Release|Any CPU
		{592B8CA4-0036-4A29-A9AD-F00F828BCA5C}.Debug|Any CPU.ActiveCfg = Debug|Any CPU
		{592B8CA4-0036-4A29-A9AD-F00F828BCA5C}.Debug|Any CPU.Build.0 = Debug|Any CPU
		{592B8CA4-0036-4A29-A9AD-F00F828BCA5C}.Release|Any CPU.ActiveCfg = Release|Any CPU
		{592B8CA4-0036-4A29-A9AD-F00F828BCA5C}.Release|Any CPU.Build.0 = Release|Any CPU
		{C2BCC9AE-E335-450E-B044-3ECF28B08BB3}.Debug|Any CPU.ActiveCfg = Debug|Any CPU
		{C2BCC9AE-E335-450E-B044-3ECF28B08BB3}.Debug|Any CPU.Build.0 = Debug|Any CPU
		{C2BCC9AE-E335-450E-B044-3ECF28B08BB3}.Release|Any CPU.ActiveCfg = Release|Any CPU
		{C2BCC9AE-E335-450E-B044-3ECF28B08BB3}.Release|Any CPU.Build.0 = Release|Any CPU
		{C5AEA9CB-82CA-48FD-9A92-B208EFCCB7D7}.Debug|Any CPU.ActiveCfg = Debug|Any CPU
		{C5AEA9CB-82CA-48FD-9A92-B208EFCCB7D7}.Debug|Any CPU.Build.0 = Debug|Any CPU
		{C5AEA9CB-82CA-48FD-9A92-B208EFCCB7D7}.Release|Any CPU.ActiveCfg = Release|Any CPU
		{C5AEA9CB-82CA-48FD-9A92-B208EFCCB7D7}.Release|Any CPU.Build.0 = Release|Any CPU
		{EA3FA198-95EA-4745-B1FB-4A53C84A9F66}.Debug|Any CPU.ActiveCfg = Debug|Any CPU
		{EA3FA198-95EA-4745-B1FB-4A53C84A9F66}.Debug|Any CPU.Build.0 = Debug|Any CPU
		{EA3FA198-95EA-4745-B1FB-4A53C84A9F66}.Release|Any CPU.ActiveCfg = Release|Any CPU
		{EA3FA198-95EA-4745-B1FB-4A53C84A9F66}.Release|Any CPU.Build.0 = Release|Any CPU
		{541D5B7F-3735-40C8-A9D1-1967CDF3A7EA}.Debug|Any CPU.ActiveCfg = Debug|Any CPU
		{541D5B7F-3735-40C8-A9D1-1967CDF3A7EA}.Debug|Any CPU.Build.0 = Debug|Any CPU
		{541D5B7F-3735-40C8-A9D1-1967CDF3A7EA}.Release|Any CPU.ActiveCfg = Release|Any CPU
		{541D5B7F-3735-40C8-A9D1-1967CDF3A7EA}.Release|Any CPU.Build.0 = Release|Any CPU
		{8EAC90C9-250E-4B79-A366-CE32E3A10EE2}.Debug|Any CPU.ActiveCfg = Debug|Any CPU
		{8EAC90C9-250E-4B79-A366-CE32E3A10EE2}.Debug|Any CPU.Build.0 = Debug|Any CPU
		{8EAC90C9-250E-4B79-A366-CE32E3A10EE2}.Release|Any CPU.ActiveCfg = Release|Any CPU
		{8EAC90C9-250E-4B79-A366-CE32E3A10EE2}.Release|Any CPU.Build.0 = Release|Any CPU
	EndGlobalSection
	GlobalSection(SolutionProperties) = preSolution
		HideSolutionNode = FALSE
	EndGlobalSection
EndGlobal
