
Microsoft Visual Studio Solution File, Format Version 12.00
# Visual Studio 2013
VisualStudioVersion = 12.0.21005.1
MinimumVisualStudioVersion = 10.0.40219.1
Project("{FAE04EC0-301F-11D3-BF4B-00C04F79EFBC}") = "GPS", "GPS\GPS.csproj", "{541D5B7F-3735-40C8-A9D1-1967CDF3A7EA}"
EndProject
Global
	GlobalSection(SolutionConfigurationPlatforms) = preSolution
		Debug|Any CPU = Debug|Any CPU
		Release|Any CPU = Release|Any CPU
	EndGlobalSection
	GlobalSection(ProjectConfigurationPlatforms) = postSolution
		{541D5B7F-3735-40C8-A9D1-1967CDF3A7EA}.Debug|Any CPU.ActiveCfg = Debug|Any CPU
		{541D5B7F-3735-40C8-A9D1-1967CDF3A7EA}.Debug|Any CPU.Build.0 = Debug|Any CPU
		{541D5B7F-3735-40C8-A9D1-1967CDF3A7EA}.Release|Any CPU.ActiveCfg = Release|Any CPU
		{541D5B7F-3735-40C8-A9D1-1967CDF3A7EA}.Release|Any CPU.Build.0 = Release|Any CPU
	EndGlobalSection
	GlobalSection(SolutionProperties) = preSolution
		HideSolutionNode = FALSE
	EndGlobalSection
EndGlobal
